<?xml version="1.0" encoding="utf-8"?>
<Project ToolsVersion="Current" xmlns="http://schemas.microsoft.com/developer/msbuild/2003">
  <ItemGroup>
    <CudaCompile Include="main_program.cu" />
    <CudaCompile Include="fishes_model.cu">
      <Filter>view\fishes_model</Filter>
    </CudaCompile>
    <CudaCompile Include="engine.cu">
      <Filter>view\engine</Filter>
    </CudaCompile>
    <CudaCompile Include="fishes.cu">
      <Filter>model\fishes</Filter>
    </CudaCompile>
    <CudaCompile Include="scene.cu">
      <Filter>model\scene</Filter>
    </CudaCompile>
    <CudaCompile Include="fish_model.cu">
      <Filter>view\fish_model</Filter>
    </CudaCompile>
  </ItemGroup>
  <ItemGroup>
    <ClCompile Include="imgui_demo.cpp">
      <Filter>imgui</Filter>
    </ClCompile>
    <ClCompile Include="imgui.cpp">
      <Filter>imgui</Filter>
    </ClCompile>
    <ClCompile Include="imgui_draw.cpp">
      <Filter>imgui</Filter>
    </ClCompile>
    <ClCompile Include="imgui_impl_glfw.cpp">
      <Filter>imgui</Filter>
    </ClCompile>
    <ClCompile Include="imgui_impl_opengl3.cpp">
      <Filter>imgui</Filter>
    </ClCompile>
    <ClCompile Include="imgui_stdlib.cpp">
      <Filter>imgui</Filter>
    </ClCompile>
    <ClCompile Include="imgui_tables.cpp">
      <Filter>imgui</Filter>
    </ClCompile>
    <ClCompile Include="imgui_widgets.cpp">
      <Filter>imgui</Filter>
    </ClCompile>
    <ClCompile Include="glad.c">
      <Filter>utils</Filter>
    </ClCompile>
    <ClCompile Include="gui_model.cpp">
      <Filter>view\gui_model</Filter>
    </ClCompile>
    <ClCompile Include="image.cpp">
      <Filter>view\image</Filter>
    </ClCompile>
    <ClCompile Include="rectangle_model.cpp">
      <Filter>view\rectangle_model</Filter>
    </ClCompile>
    <ClCompile Include="aquarium.cu">
      <Filter>model\aquarium</Filter>
    </ClCompile>
    <ClCompile Include="cube.cpp">
      <Filter>model\cube</Filter>
    </ClCompile>
    <ClCompile Include="gui.cpp">
      <Filter>model\gui</Filter>
    </ClCompile>
    <ClCompile Include="app.cpp">
      <Filter>control\app</Filter>
    </ClCompile>
  </ItemGroup>
  <ItemGroup>
    <ClInclude Include="config.cuh" />
    <ClInclude Include="imgui.h">
      <Filter>imgui</Filter>
    </ClInclude>
    <ClInclude Include="imconfig.h">
      <Filter>imgui</Filter>
    </ClInclude>
    <ClInclude Include="imgui_impl_glfw.h">
      <Filter>imgui</Filter>
    </ClInclude>
    <ClInclude Include="imgui_impl_opengl3.h">
      <Filter>imgui</Filter>
    </ClInclude>
    <ClInclude Include="imgui_impl_opengl3_loader.h">
      <Filter>imgui</Filter>
    </ClInclude>
    <ClInclude Include="imgui_internal.h">
      <Filter>imgui</Filter>
    </ClInclude>
    <ClInclude Include="imgui_stdlib.h">
      <Filter>imgui</Filter>
    </ClInclude>
    <ClInclude Include="imstb_rectpack.h">
      <Filter>imgui</Filter>
    </ClInclude>
    <ClInclude Include="imstb_textedit.h">
      <Filter>imgui</Filter>
    </ClInclude>
    <ClInclude Include="imstb_truetype.h">
      <Filter>imgui</Filter>
    </ClInclude>
    <ClInclude Include="cuda_utils.cuh">
      <Filter>utils</Filter>
    </ClInclude>
    <ClInclude Include="stb_image.h">
      <Filter>utils</Filter>
    </ClInclude>
    <ClInclude Include="gui_model.h">
      <Filter>view\gui_model</Filter>
    </ClInclude>
    <ClInclude Include="fishes_model.cuh">
      <Filter>view\fishes_model</Filter>
    </ClInclude>
    <ClInclude Include="image.h">
      <Filter>view\image</Filter>
    </ClInclude>
    <ClInclude Include="rectangle_model.h">
      <Filter>view\rectangle_model</Filter>
    </ClInclude>
    <ClInclude Include="engine.cuh">
      <Filter>view\engine</Filter>
    </ClInclude>
    <ClInclude Include="fishes.cuh">
      <Filter>model\fishes</Filter>
    </ClInclude>
    <ClInclude Include="aquarium.cuh">
      <Filter>model\aquarium</Filter>
    </ClInclude>
    <ClInclude Include="cube.h">
      <Filter>model\cube</Filter>
    </ClInclude>
    <ClInclude Include="gui.h">
      <Filter>model\gui</Filter>
    </ClInclude>
    <ClInclude Include="scene.cuh">
      <Filter>model\scene</Filter>
    </ClInclude>
    <ClInclude Include="fish_model.cuh">
      <Filter>view\fish_model</Filter>
    </ClInclude>
    <ClInclude Include="camera.h">
      <Filter>model\camera</Filter>
    </ClInclude>
    <ClInclude Include="shader.h">
      <Filter>view\shader</Filter>
    </ClInclude>
    <ClInclude Include="app.h">
      <Filter>control\app</Filter>
    </ClInclude>
  </ItemGroup>
  <ItemGroup>
    <None Include="imgui.natstepfilter">
      <Filter>imgui</Filter>
    </None>
    <None Include="imgui.ini">
      <Filter>imgui</Filter>
    </None>
  </ItemGroup>
  <ItemGroup>
    <Filter Include="imgui">
      <UniqueIdentifier>{2289be03-6d17-4256-98c0-c7d05459fb15}</UniqueIdentifier>
    </Filter>
    <Filter Include="control">
      <UniqueIdentifier>{07c1ae57-8b75-4006-9b45-b159245de6cf}</UniqueIdentifier>
    </Filter>
    <Filter Include="utils">
      <UniqueIdentifier>{bd4ae057-c491-4d22-b233-b0d7a2c1a307}</UniqueIdentifier>
    </Filter>
    <Filter Include="view">
      <UniqueIdentifier>{e53eb7c1-0b38-4415-bc9f-eb52455241bd}</UniqueIdentifier>
    </Filter>
    <Filter Include="model">
      <UniqueIdentifier>{53b36c41-18d3-47f7-a6a0-143bda7cac24}</UniqueIdentifier>
    </Filter>
    <Filter Include="shaders">
      <UniqueIdentifier>{6782047f-af2c-4588-8d6a-f1a899b0f05a}</UniqueIdentifier>
    </Filter>
    <Filter Include="view\engine">
      <UniqueIdentifier>{5f8ba3a0-7004-404b-8565-f1c413537d14}</UniqueIdentifier>
    </Filter>
    <Filter Include="view\gui_model">
      <UniqueIdentifier>{6626408d-e782-4587-82b4-f1274bff45aa}</UniqueIdentifier>
    </Filter>
    <Filter Include="view\fishes_model">
      <UniqueIdentifier>{f3913b9f-bac0-49b0-8170-ae35371ea5b0}</UniqueIdentifier>
    </Filter>
    <Filter Include="view\image">
      <UniqueIdentifier>{f1c86c48-3719-4da1-8ea7-6a71351a66a4}</UniqueIdentifier>
    </Filter>
    <Filter Include="view\rectangle_model">
      <UniqueIdentifier>{e885c432-bb05-4e0c-8625-8228326b3657}</UniqueIdentifier>
    </Filter>
    <Filter Include="control\app">
      <UniqueIdentifier>{d9484639-1070-44b7-87e9-c3b3cd137a10}</UniqueIdentifier>
    </Filter>
    <Filter Include="model\fishes">
      <UniqueIdentifier>{d077dbcf-78a2-4dc6-9710-8befe5f0b5e5}</UniqueIdentifier>
    </Filter>
    <Filter Include="model\aquarium">
      <UniqueIdentifier>{a76295d6-bf58-44e3-a4bc-49e35d65e5b9}</UniqueIdentifier>
    </Filter>
    <Filter Include="model\cube">
      <UniqueIdentifier>{62bc17ff-0b75-4e22-b78e-063cc3ef7007}</UniqueIdentifier>
    </Filter>
    <Filter Include="model\gui">
      <UniqueIdentifier>{94c9184c-e727-4b70-aad7-bb4486986bf3}</UniqueIdentifier>
    </Filter>
    <Filter Include="model\scene">
      <UniqueIdentifier>{f1068b12-84ba-4579-ade8-246561483c2f}</UniqueIdentifier>
    </Filter>
    <Filter Include="view\fish_model">
      <UniqueIdentifier>{e4de1ef4-2976-4387-a614-21791f6a9bce}</UniqueIdentifier>
    </Filter>
    <Filter Include="model\camera">
      <UniqueIdentifier>{2576a562-437d-475f-9ac2-fa5d7f414744}</UniqueIdentifier>
    </Filter>
    <Filter Include="view\shader">
      <UniqueIdentifier>{3e9d50eb-d15a-4476-8ca7-7a3fffdb1eb2}</UniqueIdentifier>
    </Filter>
  </ItemGroup>
  <ItemGroup>
    <Natvis Include="imgui.natvis">
      <Filter>imgui</Filter>
    </Natvis>
  </ItemGroup>
  <ItemGroup>
    <Text Include="vertex.txt">
      <Filter>shaders</Filter>
    </Text>
    <Text Include="fragment.txt">
      <Filter>shaders</Filter>
    </Text>
    <Text Include="fishesVertex.txt">
      <Filter>shaders</Filter>
    </Text>
    <Text Include="fishesFragment.txt">
      <Filter>shaders</Filter>
    </Text>
  </ItemGroup>
</Project>